// !$*UTF8*$!
{
	archiveVersion = 1;
	classes = {
	};
	objectVersion = 55;
	objects = {

/* Begin PBXBuildFile section */
		E53C978E27D569FC004B85B9 /* AppDelegate.swift in Sources */ = {isa = PBXBuildFile; fileRef = E53C978D27D569FC004B85B9 /* AppDelegate.swift */; };
		E53C979027D569FC004B85B9 /* SceneDelegate.swift in Sources */ = {isa = PBXBuildFile; fileRef = E53C978F27D569FC004B85B9 /* SceneDelegate.swift */; };
		E53C979527D569FC004B85B9 /* Main.storyboard in Resources */ = {isa = PBXBuildFile; fileRef = E53C979327D569FC004B85B9 /* Main.storyboard */; };
		E53C979827D569FC004B85B9 /* G_presence.xcdatamodeld in Sources */ = {isa = PBXBuildFile; fileRef = E53C979627D569FC004B85B9 /* G_presence.xcdatamodeld */; };
		E53C979A27D56A01004B85B9 /* Assets.xcassets in Resources */ = {isa = PBXBuildFile; fileRef = E53C979927D56A01004B85B9 /* Assets.xcassets */; };
		E53C979D27D56A01004B85B9 /* LaunchScreen.storyboard in Resources */ = {isa = PBXBuildFile; fileRef = E53C979B27D56A01004B85B9 /* LaunchScreen.storyboard */; };
		E53C97A527D56DE6004B85B9 /* GroupsTableViewController.swift in Sources */ = {isa = PBXBuildFile; fileRef = E53C97A427D56DE6004B85B9 /* GroupsTableViewController.swift */; };
		E53C97A827D56E44004B85B9 /* PersonsTableViewController.swift in Sources */ = {isa = PBXBuildFile; fileRef = E53C97A727D56E44004B85B9 /* PersonsTableViewController.swift */; };
/* End PBXBuildFile section */

/* Begin PBXFileReference section */
		E53C978A27D569FC004B85B9 /* G-presence.app */ = {isa = PBXFileReference; explicitFileType = wrapper.application; includeInIndex = 0; path = "G-presence.app"; sourceTree = BUILT_PRODUCTS_DIR; };
		E53C978D27D569FC004B85B9 /* AppDelegate.swift */ = {isa = PBXFileReference; lastKnownFileType = sourcecode.swift; path = AppDelegate.swift; sourceTree = "<group>"; };
		E53C978F27D569FC004B85B9 /* SceneDelegate.swift */ = {isa = PBXFileReference; lastKnownFileType = sourcecode.swift; path = SceneDelegate.swift; sourceTree = "<group>"; };
		E53C979427D569FC004B85B9 /* Base */ = {isa = PBXFileReference; lastKnownFileType = file.storyboard; name = Base; path = Base.lproj/Main.storyboard; sourceTree = "<group>"; };
		E53C979727D569FC004B85B9 /* G_presence.xcdatamodel */ = {isa = PBXFileReference; lastKnownFileType = wrapper.xcdatamodel; path = G_presence.xcdatamodel; sourceTree = "<group>"; };
		E53C979927D56A01004B85B9 /* Assets.xcassets */ = {isa = PBXFileReference; lastKnownFileType = folder.assetcatalog; path = Assets.xcassets; sourceTree = "<group>"; };
		E53C979C27D56A01004B85B9 /* Base */ = {isa = PBXFileReference; lastKnownFileType = file.storyboard; name = Base; path = Base.lproj/LaunchScreen.storyboard; sourceTree = "<group>"; };
		E53C979E27D56A01004B85B9 /* Info.plist */ = {isa = PBXFileReference; lastKnownFileType = text.plist.xml; path = Info.plist; sourceTree = "<group>"; };
		E53C97A427D56DE6004B85B9 /* GroupsTableViewController.swift */ = {isa = PBXFileReference; lastKnownFileType = sourcecode.swift; path = GroupsTableViewController.swift; sourceTree = "<group>"; };
		E53C97A727D56E44004B85B9 /* PersonsTableViewController.swift */ = {isa = PBXFileReference; lastKnownFileType = sourcecode.swift; path = PersonsTableViewController.swift; sourceTree = "<group>"; };
/* End PBXFileReference section */

/* Begin PBXFrameworksBuildPhase section */
		E53C978727D569FC004B85B9 /* Frameworks */ = {
			isa = PBXFrameworksBuildPhase;
			buildActionMask = 2147483647;
			files = (
			);
			runOnlyForDeploymentPostprocessing = 0;
		};
/* End PBXFrameworksBuildPhase section */

/* Begin PBXGroup section */
		E53C978127D569FC004B85B9 = {
			isa = PBXGroup;
			children = (
				E53C978C27D569FC004B85B9 /* G-presence */,
				E53C978B27D569FC004B85B9 /* Products */,
			);
			sourceTree = "<group>";
		};
		E53C978B27D569FC004B85B9 /* Products */ = {
			isa = PBXGroup;
			children = (
				E53C978A27D569FC004B85B9 /* G-presence.app */,
			);
			name = Products;
			sourceTree = "<group>";
		};
		E53C978C27D569FC004B85B9 /* G-presence */ = {
			isa = PBXGroup;
			children = (
				E53C978D27D569FC004B85B9 /* AppDelegate.swift */,
				E53C978F27D569FC004B85B9 /* SceneDelegate.swift */,
				E53C97AA27D56E77004B85B9 /* Data Model */,
				E53C97A927D56E56004B85B9 /* View */,
				E53C97A627D56DF4004B85B9 /* Controller */,
				E53C979927D56A01004B85B9 /* Assets.xcassets */,
				E53C979B27D56A01004B85B9 /* LaunchScreen.storyboard */,
				E53C979E27D56A01004B85B9 /* Info.plist */,
			);
			path = "G-presence";
			sourceTree = "<group>";
		};
		E53C97A627D56DF4004B85B9 /* Controller */ = {
			isa = PBXGroup;
			children = (
				E53C97A427D56DE6004B85B9 /* GroupsTableViewController.swift */,
				E53C97A727D56E44004B85B9 /* PersonsTableViewController.swift */,
			);
			path = Controller;
			sourceTree = "<group>";
		};
		E53C97A927D56E56004B85B9 /* View */ = {
			isa = PBXGroup;
			children = (
				E53C979327D569FC004B85B9 /* Main.storyboard */,
			);
			path = View;
			sourceTree = "<group>";
		};
		E53C97AA27D56E77004B85B9 /* Data Model */ = {
			isa = PBXGroup;
			children = (
				E53C979627D569FC004B85B9 /* G_presence.xcdatamodeld */,
			);
			path = "Data Model";
			sourceTree = "<group>";
		};
/* End PBXGroup section */

/* Begin PBXNativeTarget section */
		E53C978927D569FC004B85B9 /* G-presence */ = {
			isa = PBXNativeTarget;
			buildConfigurationList = E53C97A127D56A01004B85B9 /* Build configuration list for PBXNativeTarget "G-presence" */;
			buildPhases = (
				E53C978627D569FC004B85B9 /* Sources */,
				E53C978727D569FC004B85B9 /* Frameworks */,
				E53C978827D569FC004B85B9 /* Resources */,
			);
			buildRules = (
			);
			dependencies = (
			);
			name = "G-presence";
			productName = "G-presence";
			productReference = E53C978A27D569FC004B85B9 /* G-presence.app */;
			productType = "com.apple.product-type.application";
		};
/* End PBXNativeTarget section */

/* Begin PBXProject section */
		E53C978227D569FC004B85B9 /* Project object */ = {
			isa = PBXProject;
			attributes = {
				BuildIndependentTargetsInParallel = 1;
				LastSwiftUpdateCheck = 1320;
				LastUpgradeCheck = 1320;
				TargetAttributes = {
					E53C978927D569FC004B85B9 = {
						CreatedOnToolsVersion = 13.2.1;
					};
				};
			};
			buildConfigurationList = E53C978527D569FC004B85B9 /* Build configuration list for PBXProject "G-presence" */;
			compatibilityVersion = "Xcode 13.0";
			developmentRegion = en;
			hasScannedForEncodings = 0;
			knownRegions = (
				en,
				Base,
			);
			mainGroup = E53C978127D569FC004B85B9;
			productRefGroup = E53C978B27D569FC004B85B9 /* Products */;
			projectDirPath = "";
			projectRoot = "";
			targets = (
				E53C978927D569FC004B85B9 /* G-presence */,
			);
		};
/* End PBXProject section */

/* Begin PBXResourcesBuildPhase section */
		E53C978827D569FC004B85B9 /* Resources */ = {
			isa = PBXResourcesBuildPhase;
			buildActionMask = 2147483647;
			files = (
				E53C979D27D56A01004B85B9 /* LaunchScreen.storyboard in Resources */,
				E53C979A27D56A01004B85B9 /* Assets.xcassets in Resources */,
				E53C979527D569FC004B85B9 /* Main.storyboard in Resources */,
			);
			runOnlyForDeploymentPostprocessing = 0;
		};
/* End PBXResourcesBuildPhase section */

/* Begin PBXSourcesBuildPhase section */
		E53C978627D569FC004B85B9 /* Sources */ = {
			isa = PBXSourcesBuildPhase;
			buildActionMask = 2147483647;
			files = (
				E53C978E27D569FC004B85B9 /* AppDelegate.swift in Sources */,
				E53C97A527D56DE6004B85B9 /* GroupsTableViewController.swift in Sources */,
				E53C979827D569FC004B85B9 /* G_presence.xcdatamodeld in Sources */,
				E53C979027D569FC004B85B9 /* SceneDelegate.swift in Sources */,
				E53C97A827D56E44004B85B9 /* PersonsTableViewController.swift in Sources */,
			);
			runOnlyForDeploymentPostprocessing = 0;
		};
/* End PBXSourcesBuildPhase section */

/* Begin PBXVariantGroup section */
		E53C979327D569FC004B85B9 /* Main.storyboard */ = {
			isa = PBXVariantGroup;
			children = (
				E53C979427D569FC004B85B9 /* Base */,
			);
			name = Main.storyboard;
			sourceTree = "<group>";
		};
		E53C979B27D56A01004B85B9 /* LaunchScreen.storyboard */ = {
			isa = PBXVariantGroup;
			children = (
				E53C979C27D56A01004B85B9 /* Base */,
			);
			name = LaunchScreen.storyboard;
			sourceTree = "<group>";
		};
/* End PBXVariantGroup section */

/* Begin XCBuildConfiguration section */
		E53C979F27D56A01004B85B9 /* Debug */ = {
			isa = XCBuildConfiguration;
			buildSettings = {
				ALWAYS_SEARCH_USER_PATHS = NO;
				CLANG_ANALYZER_NONNULL = YES;
				CLANG_ANALYZER_NUMBER_OBJECT_CONVERSION = YES_AGGRESSIVE;
				CLANG_CXX_LANGUAGE_STANDARD = "gnu++17";
				CLANG_CXX_LIBRARY = "libc++";
				CLANG_ENABLE_MODULES = YES;
				CLANG_ENABLE_OBJC_ARC = YES;
				CLANG_ENABLE_OBJC_WEAK = YES;
				CLANG_WARN_BLOCK_CAPTURE_AUTORELEASING = YES;
				CLANG_WARN_BOOL_CONVERSION = YES;
				CLANG_WARN_COMMA = YES;
				CLANG_WARN_CONSTANT_CONVERSION = YES;
				CLANG_WARN_DEPRECATED_OBJC_IMPLEMENTATIONS = YES;
				CLANG_WARN_DIRECT_OBJC_ISA_USAGE = YES_ERROR;
				CLANG_WARN_DOCUMENTATION_COMMENTS = YES;
				CLANG_WARN_EMPTY_BODY = YES;
				CLANG_WARN_ENUM_CONVERSION = YES;
				CLANG_WARN_INFINITE_RECURSION = YES;
				CLANG_WARN_INT_CONVERSION = YES;
				CLANG_WARN_NON_LITERAL_NULL_CONVERSION = YES;
				CLANG_WARN_OBJC_IMPLICIT_RETAIN_SELF = YES;
				CLANG_WARN_OBJC_LITERAL_CONVERSION = YES;
				CLANG_WARN_OBJC_ROOT_CLASS = YES_ERROR;
				CLANG_WARN_QUOTED_INCLUDE_IN_FRAMEWORK_HEADER = YES;
				CLANG_WARN_RANGE_LOOP_ANALYSIS = YES;
				CLANG_WARN_STRICT_PROTOTYPES = YES;
				CLANG_WARN_SUSPICIOUS_MOVE = YES;
				CLANG_WARN_UNGUARDED_AVAILABILITY = YES_AGGRESSIVE;
				CLANG_WARN_UNREACHABLE_CODE = YES;
				CLANG_WARN__DUPLICATE_METHOD_MATCH = YES;
				COPY_PHASE_STRIP = NO;
				DEBUG_INFORMATION_FORMAT = dwarf;
				ENABLE_STRICT_OBJC_MSGSEND = YES;
				ENABLE_TESTABILITY = YES;
				GCC_C_LANGUAGE_STANDARD = gnu11;
				GCC_DYNAMIC_NO_PIC = NO;
				GCC_NO_COMMON_BLOCKS = YES;
				GCC_OPTIMIZATION_LEVEL = 0;
				GCC_PREPROCESSOR_DEFINITIONS = (
					"DEBUG=1",
					"$(inherited)",
				);
				GCC_WARN_64_TO_32_BIT_CONVERSION = YES;
				GCC_WARN_ABOUT_RETURN_TYPE = YES_ERROR;
				GCC_WARN_UNDECLARED_SELECTOR = YES;
				GCC_WARN_UNINITIALIZED_AUTOS = YES_AGGRESSIVE;
				GCC_WARN_UNUSED_FUNCTION = YES;
				GCC_WARN_UNUSED_VARIABLE = YES;
				IPHONEOS_DEPLOYMENT_TARGET = 15.2;
				MTL_ENABLE_DEBUG_INFO = INCLUDE_SOURCE;
				MTL_FAST_MATH = YES;
				ONLY_ACTIVE_ARCH = YES;
				SDKROOT = iphoneos;
				SWIFT_ACTIVE_COMPILATION_CONDITIONS = DEBUG;
				SWIFT_OPTIMIZATION_LEVEL = "-Onone";
			};
			name = Debug;
		};
		E53C97A027D56A01004B85B9 /* Release */ = {
			isa = XCBuildConfiguration;
			buildSettings = {
				ALWAYS_SEARCH_USER_PATHS = NO;
				CLANG_ANALYZER_NONNULL = YES;
				CLANG_ANALYZER_NUMBER_OBJECT_CONVERSION = YES_AGGRESSIVE;
				CLANG_CXX_LANGUAGE_STANDARD = "gnu++17";
				CLANG_CXX_LIBRARY = "libc++";
				CLANG_ENABLE_MODULES = YES;
				CLANG_ENABLE_OBJC_ARC = YES;
				CLANG_ENABLE_OBJC_WEAK = YES;
				CLANG_WARN_BLOCK_CAPTURE_AUTORELEASING = YES;
				CLANG_WARN_BOOL_CONVERSION = YES;
				CLANG_WARN_COMMA = YES;
				CLANG_WARN_CONSTANT_CONVERSION = YES;
				CLANG_WARN_DEPRECATED_OBJC_IMPLEMENTATIONS = YES;
				CLANG_WARN_DIRECT_OBJC_ISA_USAGE = YES_ERROR;
				CLANG_WARN_DOCUMENTATION_COMMENTS = YES;
				CLANG_WARN_EMPTY_BODY = YES;
				CLANG_WARN_ENUM_CONVERSION = YES;
				CLANG_WARN_INFINITE_RECURSION = YES;
				CLANG_WARN_INT_CONVERSION = YES;
				CLANG_WARN_NON_LITERAL_NULL_CONVERSION = YES;
				CLANG_WARN_OBJC_IMPLICIT_RETAIN_SELF = YES;
				CLANG_WARN_OBJC_LITERAL_CONVERSION = YES;
				CLANG_WARN_OBJC_ROOT_CLASS = YES_ERROR;
				CLANG_WARN_QUOTED_INCLUDE_IN_FRAMEWORK_HEADER = YES;
				CLANG_WARN_RANGE_LOOP_ANALYSIS = YES;
				CLANG_WARN_STRICT_PROTOTYPES = YES;
				CLANG_WARN_SUSPICIOUS_MOVE = YES;
				CLANG_WARN_UNGUARDED_AVAILABILITY = YES_AGGRESSIVE;
				CLANG_WARN_UNREACHABLE_CODE = YES;
				CLANG_WARN__DUPLICATE_METHOD_MATCH = YES;
				COPY_PHASE_STRIP = NO;
				DEBUG_INFORMATION_FORMAT = "dwarf-with-dsym";
				ENABLE_NS_ASSERTIONS = NO;
				ENABLE_STRICT_OBJC_MSGSEND = YES;
				GCC_C_LANGUAGE_STANDARD = gnu11;
				GCC_NO_COMMON_BLOCKS = YES;
				GCC_WARN_64_TO_32_BIT_CONVERSION = YES;
				GCC_WARN_ABOUT_RETURN_TYPE = YES_ERROR;
				GCC_WARN_UNDECLARED_SELECTOR = YES;
				GCC_WARN_UNINITIALIZED_AUTOS = YES_AGGRESSIVE;
				GCC_WARN_UNUSED_FUNCTION = YES;
				GCC_WARN_UNUSED_VARIABLE = YES;
				IPHONEOS_DEPLOYMENT_TARGET = 15.2;
				MTL_ENABLE_DEBUG_INFO = NO;
				MTL_FAST_MATH = YES;
				SDKROOT = iphoneos;
				SWIFT_COMPILATION_MODE = wholemodule;
				SWIFT_OPTIMIZATION_LEVEL = "-O";
				VALIDATE_PRODUCT = YES;
			};
			name = Release;
		};
		E53C97A227D56A01004B85B9 /* Debug */ = {
			isa = XCBuildConfiguration;
			buildSettings = {
				ASSETCATALOG_COMPILER_APPICON_NAME = AppIcon;
				ASSETCATALOG_COMPILER_GLOBAL_ACCENT_COLOR_NAME = AccentColor;
				CODE_SIGN_STYLE = Automatic;
				CURRENT_PROJECT_VERSION = 1;
				GENERATE_INFOPLIST_FILE = YES;
				INFOPLIST_FILE = "G-presence/Info.plist";
				INFOPLIST_KEY_UIApplicationSupportsIndirectInputEvents = YES;
				INFOPLIST_KEY_UILaunchStoryboardName = LaunchScreen;
				INFOPLIST_KEY_UIMainStoryboardFile = Main;
				INFOPLIST_KEY_UISupportedInterfaceOrientations = UIInterfaceOrientationPortrait;
				INFOPLIST_KEY_UISupportedInterfaceOrientations_iPad = "UIInterfaceOrientationPortrait UIInterfaceOrientationPortraitUpsideDown UIInterfaceOrientationLandscapeLeft UIInterfaceOrientationLandscapeRight";
				INFOPLIST_KEY_UISupportedInterfaceOrientations_iPhone = "UIInterfaceOrientationPortrait UIInterfaceOrientationLandscapeLeft UIInterfaceOrientationLandscapeRight";
				LD_RUNPATH_SEARCH_PATHS = (
					"$(inherited)",
					"@executable_path/Frameworks",
				);
				MARKETING_VERSION = 1.0;
				PRODUCT_BUNDLE_IDENTIFIER = "eu.itrao.G-presence";
				PRODUCT_NAME = "$(TARGET_NAME)";
				SWIFT_EMIT_LOC_STRINGS = YES;
				SWIFT_VERSION = 5.0;
				TARGETED_DEVICE_FAMILY = 1;
			};
			name = Debug;
		};
		E53C97A327D56A01004B85B9 /* Release */ = {
			isa = XCBuildConfiguration;
			buildSettings = {
				ASSETCATALOG_COMPILER_APPICON_NAME = AppIcon;
				ASSETCATALOG_COMPILER_GLOBAL_ACCENT_COLOR_NAME = AccentColor;
				CODE_SIGN_STYLE = Automatic;
				CURRENT_PROJECT_VERSION = 1;
				GENERATE_INFOPLIST_FILE = YES;
				INFOPLIST_FILE = "G-presence/Info.plist";
				INFOPLIST_KEY_UIApplicationSupportsIndirectInputEvents = YES;
				INFOPLIST_KEY_UILaunchStoryboardName = LaunchScreen;
				INFOPLIST_KEY_UIMainStoryboardFile = Main;
				INFOPLIST_KEY_UISupportedInterfaceOrientations = UIInterfaceOrientationPortrait;
				INFOPLIST_KEY_UISupportedInterfaceOrientations_iPad = "UIInterfaceOrientationPortrait UIInterfaceOrientationPortraitUpsideDown UIInterfaceOrientationLandscapeLeft UIInterfaceOrientationLandscapeRight";
				INFOPLIST_KEY_UISupportedInterfaceOrientations_iPhone = "UIInterfaceOrientationPortrait UIInterfaceOrientationLandscapeLeft UIInterfaceOrientationLandscapeRight";
				LD_RUNPATH_SEARCH_PATHS = (
					"$(inherited)",
					"@executable_path/Frameworks",
				);
				MARKETING_VERSION = 1.0;
				PRODUCT_BUNDLE_IDENTIFIER = "eu.itrao.G-presence";
				PRODUCT_NAME = "$(TARGET_NAME)";
				SWIFT_EMIT_LOC_STRINGS = YES;
				SWIFT_VERSION = 5.0;
				TARGETED_DEVICE_FAMILY = 1;
			};
			name = Release;
		};
/* End XCBuildConfiguration section */

/* Begin XCConfigurationList section */
		E53C978527D569FC004B85B9 /* Build configuration list for PBXProject "G-presence" */ = {
			isa = XCConfigurationList;
			buildConfigurations = (
				E53C979F27D56A01004B85B9 /* Debug */,
				E53C97A027D56A01004B85B9 /* Release */,
			);
			defaultConfigurationIsVisible = 0;
			defaultConfigurationName = Release;
		};
		E53C97A127D56A01004B85B9 /* Build configuration list for PBXNativeTarget "G-presence" */ = {
			isa = XCConfigurationList;
			buildConfigurations = (
				E53C97A227D56A01004B85B9 /* Debug */,
				E53C97A327D56A01004B85B9 /* Release */,
			);
			defaultConfigurationIsVisible = 0;
			defaultConfigurationName = Release;
		};
/* End XCConfigurationList section */

/* Begin XCVersionGroup section */
		E53C979627D569FC004B85B9 /* G_presence.xcdatamodeld */ = {
			isa = XCVersionGroup;
			children = (
				E53C979727D569FC004B85B9 /* G_presence.xcdatamodel */,
			);
			currentVersion = E53C979727D569FC004B85B9 /* G_presence.xcdatamodel */;
			path = G_presence.xcdatamodeld;
			sourceTree = "<group>";
			versionGroupType = wrapper.xcdatamodel;
		};
/* End XCVersionGroup section */
	};
	rootObject = E53C978227D569FC004B85B9 /* Project object */;
}
